
Microsoft Visual Studio Solution File, Format Version 12.00
# Visual Studio Version 16
VisualStudioVersion = 16.0.31019.35
MinimumVisualStudioVersion = 10.0.40219.1
Project("{8BC9CEB8-8B4A-11D0-8D11-00A0C91BC942}") = "Problem1.26", "Problem1.26.vcxproj", "{6546DE74-EFA1-44B1-BA81-5509D49BFDAB}"
EndProject
Global
	GlobalSection(SolutionConfigurationPlatforms) = preSolution
		Debug|x64 = Debug|x64
		Debug|x86 = Debug|x86
		Release|x64 = Release|x64
		Release|x86 = Release|x86
	EndGlobalSection
	GlobalSection(ProjectConfigurationPlatforms) = postSolution
		{6546DE74-EFA1-44B1-BA81-5509D49BFDAB}.Debug|x64.ActiveCfg = Debug|x64
		{6546DE74-EFA1-44B1-BA81-5509D49BFDAB}.Debug|x64.Build.0 = Debug|x64
		{6546DE74-EFA1-44B1-BA81-5509D49BFDAB}.Debug|x86.ActiveCfg = Debug|Win32
		{6546DE74-EFA1-44B1-BA81-5509D49BFDAB}.Debug|x86.Build.0 = Debug|Win32
		{6546DE74-EFA1-44B1-BA81-5509D49BFDAB}.Release|x64.ActiveCfg = Release|x64
		{6546DE74-EFA1-44B1-BA81-5509D49BFDAB}.Release|x64.Build.0 = Release|x64
		{6546DE74-EFA1-44B1-BA81-5509D49BFDAB}.Release|x86.ActiveCfg = Release|Win32
		{6546DE74-EFA1-44B1-BA81-5509D49BFDAB}.Release|x86.Build.0 = Release|Win32
	EndGlobalSection
	GlobalSection(SolutionProperties) = preSolution
		HideSolutionNode = FALSE
	EndGlobalSection
	GlobalSection(ExtensibilityGlobals) = postSolution
		SolutionGuid = {8CA658DF-01D1-4E6B-AA55-74240336B2A6}
	EndGlobalSection
EndGlobal
