
Microsoft Visual Studio Solution File, Format Version 12.00
# Visual Studio Version 16
VisualStudioVersion = 16.0.31019.35
MinimumVisualStudioVersion = 10.0.40219.1
Project("{8BC9CEB8-8B4A-11D0-8D11-00A0C91BC942}") = "Problem2.45", "Problem2.45.vcxproj", "{BCBA0473-17DF-41A8-944A-DC4058261748}"
EndProject
Global
	GlobalSection(SolutionConfigurationPlatforms) = preSolution
		Debug|x64 = Debug|x64
		Debug|x86 = Debug|x86
		Release|x64 = Release|x64
		Release|x86 = Release|x86
	EndGlobalSection
	GlobalSection(ProjectConfigurationPlatforms) = postSolution
		{BCBA0473-17DF-41A8-944A-DC4058261748}.Debug|x64.ActiveCfg = Debug|x64
		{BCBA0473-17DF-41A8-944A-DC4058261748}.Debug|x64.Build.0 = Debug|x64
		{BCBA0473-17DF-41A8-944A-DC4058261748}.Debug|x86.ActiveCfg = Debug|Win32
		{BCBA0473-17DF-41A8-944A-DC4058261748}.Debug|x86.Build.0 = Debug|Win32
		{BCBA0473-17DF-41A8-944A-DC4058261748}.Release|x64.ActiveCfg = Release|x64
		{BCBA0473-17DF-41A8-944A-DC4058261748}.Release|x64.Build.0 = Release|x64
		{BCBA0473-17DF-41A8-944A-DC4058261748}.Release|x86.ActiveCfg = Release|Win32
		{BCBA0473-17DF-41A8-944A-DC4058261748}.Release|x86.Build.0 = Release|Win32
	EndGlobalSection
	GlobalSection(SolutionProperties) = preSolution
		HideSolutionNode = FALSE
	EndGlobalSection
	GlobalSection(ExtensibilityGlobals) = postSolution
		SolutionGuid = {24482690-218D-4996-8FD0-CED84C70B850}
	EndGlobalSection
EndGlobal
